
Microsoft Visual Studio Solution File, Format Version 12.00
# Visual Studio Version 17
VisualStudioVersion = 17.0.31903.59
MinimumVisualStudioVersion = 10.0.40219.1
Project("{FAE04EC0-301F-11D3-BF4B-00C04F79EFBC}") = "Wass", "Wass\Wass.csproj", "{6282ADA0-361C-449C-A679-093B6DB2DB83}"
EndProject
Global
	GlobalSection(SolutionConfigurationPlatforms) = preSolution
		Debug|Any CPU = Debug|Any CPU
		Release|Any CPU = Release|Any CPU
	EndGlobalSection
	GlobalSection(ProjectConfigurationPlatforms) = postSolution
		{6282ADA0-361C-449C-A679-093B6DB2DB83}.Debug|Any CPU.ActiveCfg = Debug|Any CPU
		{6282ADA0-361C-449C-A679-093B6DB2DB83}.Debug|Any CPU.Build.0 = Debug|Any CPU
		{6282ADA0-361C-449C-A679-093B6DB2DB83}.Release|Any CPU.ActiveCfg = Release|Any CPU
		{6282ADA0-361C-449C-A679-093B6DB2DB83}.Release|Any CPU.Build.0 = Release|Any CPU
	EndGlobalSection
	GlobalSection(SolutionProperties) = preSolution
		HideSolutionNode = FALSE
	EndGlobalSection
	GlobalSection(ExtensibilityGlobals) = postSolution
		SolutionGuid = {8225AA54-2CD2-4364-85F1-D023CE6CB9A9}
	EndGlobalSection
EndGlobal
